PODS:
  - cmark (0.24.1)
  - URBNMrkDwn (0.1):
    - cmark

DEPENDENCIES:
  - URBNMrkDwn (from `../`)

EXTERNAL SOURCES:
  URBNMrkDwn:
    :path: ../

SPEC CHECKSUMS:
  cmark: ec0275215b504780287b6fca360224e384368af8
  URBNMrkDwn: eb6de8cf4f0bbf808ba852ea80c93581e1f90833

PODFILE CHECKSUM: 6c43142b299054fa431a3ab7b19597b6eb82679c

COCOAPODS: 1.1.1
