PODS:
  - URBNcmark (0.24.0)
  - URBNMrkDwn (1.0.1):
    - URBNcmark

DEPENDENCIES:
  - URBNMrkDwn (from `../`)

SPEC REPOS:
  "git@github.com:urbn/URBNPrivatePodSpec":
    - URBNcmark

EXTERNAL SOURCES:
  URBNMrkDwn:
    :path: "../"

SPEC CHECKSUMS:
  URBNcmark: 7d14be2e83727edf5b40d55404258b38f57025c4
  URBNMrkDwn: 15ee2a953ff7be95c08d81c5df90813f5a29a541

PODFILE CHECKSUM: f6fb125c191a209dc09af96eb289caaf0a576e8e

COCOAPODS: 1.5.3
